Microsoft Visual Studio Solution File, Format Version 12.00
# Visual Studio Version 17
VisualStudioVersion = 17.5.2.0
MinimumVisualStudioVersion = 10.0.40219.1
Project("{FAE04EC0-301F-11D3-BF4B-00C04F79EFBC}") = "Rclone_clone", "Rclone_clone.csproj", "{5FD10156-D777-29AD-CF6D-120725025D77}"
EndProject
Global
	GlobalSection(SolutionConfigurationPlatforms) = preSolution
		Debug|Any CPU = Debug|Any CPU
		Release|Any CPU = Release|Any CPU
	EndGlobalSection
	GlobalSection(ProjectConfigurationPlatforms) = postSolution
		{5FD10156-D777-29AD-CF6D-120725025D77}.Debug|Any CPU.ActiveCfg = Debug|Any CPU
		{5FD10156-D777-29AD-CF6D-120725025D77}.Debug|Any CPU.Build.0 = Debug|Any CPU
		{5FD10156-D777-29AD-CF6D-120725025D77}.Release|Any CPU.ActiveCfg = Release|Any CPU
		{5FD10156-D777-29AD-CF6D-120725025D77}.Release|Any CPU.Build.0 = Release|Any CPU
	EndGlobalSection
	GlobalSection(SolutionProperties) = preSolution
		HideSolutionNode = FALSE
	EndGlobalSection
	GlobalSection(ExtensibilityGlobals) = postSolution
		SolutionGuid = {058D02D3-39C7-490D-BA44-16317B9D5DC8}
	EndGlobalSection
EndGlobal
